
Microsoft Visual Studio Solution File, Format Version 12.00
Project("{FAE04EC0-301F-11D3-BF4B-00C04F79EFBC}") = "Friend_Crud_Service", "Friend_Crud_Service\Friend_Crud_Service.csproj", "{C2F9A21E-FE49-484A-BC9C-B805EED5545F}"
EndProject
Global
	GlobalSection(SolutionConfigurationPlatforms) = preSolution
		Debug|Any CPU = Debug|Any CPU
		Release|Any CPU = Release|Any CPU
	EndGlobalSection
	GlobalSection(ProjectConfigurationPlatforms) = postSolution
		{C2F9A21E-FE49-484A-BC9C-B805EED5545F}.Debug|Any CPU.ActiveCfg = Debug|Any CPU
		{C2F9A21E-FE49-484A-BC9C-B805EED5545F}.Debug|Any CPU.Build.0 = Debug|Any CPU
		{C2F9A21E-FE49-484A-BC9C-B805EED5545F}.Release|Any CPU.ActiveCfg = Release|Any CPU
		{C2F9A21E-FE49-484A-BC9C-B805EED5545F}.Release|Any CPU.Build.0 = Release|Any CPU
	EndGlobalSection
EndGlobal
