
Microsoft Visual Studio Solution File, Format Version 12.00
Project("{FAE04EC0-301F-11D3-BF4B-00C04F79EFBC}") = "WebLevel", "WebLevel\WebLevel.csproj", "{2C305D46-18A4-47FB-BEA1-4984A0054A56}"
EndProject
Project("{2150E333-8FDC-42A3-9474-1A3956D46DE8}") = "Domain", "Domain", "{79BFE407-57BC-4145-8BC0-9C24A25AFB6B}"
EndProject
Project("{2150E333-8FDC-42A3-9474-1A3956D46DE8}") = "Infrastructure", "Infrastructure", "{EF252AFE-5B63-4E33-887C-62D1EC064C20}"
EndProject
Global
	GlobalSection(SolutionConfigurationPlatforms) = preSolution
		Debug|Any CPU = Debug|Any CPU
		Release|Any CPU = Release|Any CPU
	EndGlobalSection
	GlobalSection(ProjectConfigurationPlatforms) = postSolution
		{2C305D46-18A4-47FB-BEA1-4984A0054A56}.Debug|Any CPU.ActiveCfg = Debug|Any CPU
		{2C305D46-18A4-47FB-BEA1-4984A0054A56}.Debug|Any CPU.Build.0 = Debug|Any CPU
		{2C305D46-18A4-47FB-BEA1-4984A0054A56}.Release|Any CPU.ActiveCfg = Release|Any CPU
		{2C305D46-18A4-47FB-BEA1-4984A0054A56}.Release|Any CPU.Build.0 = Release|Any CPU
	EndGlobalSection
EndGlobal
